
Microsoft Visual Studio Solution File, Format Version 12.00
# Visual Studio 14
VisualStudioVersion = 14.0.25123.0
MinimumVisualStudioVersion = 10.0.40219.1
Project("{FAE04EC0-301F-11D3-BF4B-00C04F79EFBC}") = "OliveManager", "OliveManager\OliveManager.csproj", "{9A0ECDAB-A6CB-41CC-BBCB-379D100EA2B3}"
EndProject
Project("{2150E333-8FDC-42A3-9474-1A3956D46DE8}") = "PublishScripts", "PublishScripts", "{BFDE8110-E5C2-40F5-AEDD-35210BD5E635}"
	ProjectSection(SolutionItems) = preProject
		PublishScripts\AzureVMPublishModule.psm1 = PublishScripts\AzureVMPublishModule.psm1
		PublishScripts\Publish-WebApplicationVM.ps1 = PublishScripts\Publish-WebApplicationVM.ps1
	EndProjectSection
EndProject
Project("{2150E333-8FDC-42A3-9474-1A3956D46DE8}") = "Configurations", "Configurations", "{DADEB41B-911D-4DCB-8C76-9D41121EEF1D}"
	ProjectSection(SolutionItems) = preProject
		PublishScripts\Configurations\OliveManager-VM-dev.json = PublishScripts\Configurations\OliveManager-VM-dev.json
	EndProjectSection
EndProject
Global
	GlobalSection(SolutionConfigurationPlatforms) = preSolution
		Debug|Any CPU = Debug|Any CPU
		Release|Any CPU = Release|Any CPU
	EndGlobalSection
	GlobalSection(ProjectConfigurationPlatforms) = postSolution
		{9A0ECDAB-A6CB-41CC-BBCB-379D100EA2B3}.Debug|Any CPU.ActiveCfg = Debug|Any CPU
		{9A0ECDAB-A6CB-41CC-BBCB-379D100EA2B3}.Debug|Any CPU.Build.0 = Debug|Any CPU
		{9A0ECDAB-A6CB-41CC-BBCB-379D100EA2B3}.Release|Any CPU.ActiveCfg = Release|Any CPU
		{9A0ECDAB-A6CB-41CC-BBCB-379D100EA2B3}.Release|Any CPU.Build.0 = Release|Any CPU
	EndGlobalSection
	GlobalSection(SolutionProperties) = preSolution
		HideSolutionNode = FALSE
	EndGlobalSection
	GlobalSection(NestedProjects) = preSolution
		{DADEB41B-911D-4DCB-8C76-9D41121EEF1D} = {BFDE8110-E5C2-40F5-AEDD-35210BD5E635}
	EndGlobalSection
EndGlobal
